
Microsoft Visual Studio Solution File, Format Version 12.00
# Visual Studio Version 17
VisualStudioVersion = 17.0.32014.148
MinimumVisualStudioVersion = 10.0.40219.1
Project("{FAE04EC0-301F-11D3-BF4B-00C04F79EFBC}") = "StudentSyncfusionTreeGrid", "StudentSyncfusionTreeGrid\StudentSyncfusionTreeGrid.csproj", "{7DCAD441-DF49-42B2-86B0-F8F280F68C35}"
EndProject
Global
	GlobalSection(SolutionConfigurationPlatforms) = preSolution
		Debug|Any CPU = Debug|Any CPU
		Release|Any CPU = Release|Any CPU
	EndGlobalSection
	GlobalSection(ProjectConfigurationPlatforms) = postSolution
		{7DCAD441-DF49-42B2-86B0-F8F280F68C35}.Debug|Any CPU.ActiveCfg = Debug|Any CPU
		{7DCAD441-DF49-42B2-86B0-F8F280F68C35}.Debug|Any CPU.Build.0 = Debug|Any CPU
		{7DCAD441-DF49-42B2-86B0-F8F280F68C35}.Release|Any CPU.ActiveCfg = Release|Any CPU
		{7DCAD441-DF49-42B2-86B0-F8F280F68C35}.Release|Any CPU.Build.0 = Release|Any CPU
	EndGlobalSection
	GlobalSection(SolutionProperties) = preSolution
		HideSolutionNode = FALSE
	EndGlobalSection
	GlobalSection(ExtensibilityGlobals) = postSolution
		SolutionGuid = {351A0129-63EF-4CBD-9A1E-F26B5BAA5D0E}
	EndGlobalSection
EndGlobal
